{
    "_readme": [
        "This file locks the dependencies of your project to a known state",
        "Read more about it at https://getcomposer.org/doc/01-basic-usage.md#installing-dependencies",
        "This file is @generated automatically"
    ],
    "content-hash": "d41204cfbebbf5798030a7fd2571cfef",
    "packages": [
        {
            "name": "daniel-zahariev/php-aws-ses",
            "version": "0.9.5",
            "source": {
                "type": "git",
                "url": "https://github.com/daniel-zahariev/php-aws-ses.git",
                "reference": "4584427a358d8bf4aa8c2ce308afadc5f9601ab8"
            },
            "dist": {
                "type": "zip",
                "url": "https://api.github.com/repos/daniel-zahariev/php-aws-ses/zipball/4584427a358d8bf4aa8c2ce308afadc5f9601ab8",
                "reference": "4584427a358d8bf4aa8c2ce308afadc5f9601ab8",
                "shasum": ""
            },
            "require": {
                "ext-curl": "*",
                "ext-simplexml": "*",
                "php": ">=5.0.0"
            },
            "require-dev": {
                "fzaninotto/faker": "^1.7",
                "phpspec/prophecy": "~1.0",
                "phpunit/php-code-coverage": "^6.0",
                "phpunit/phpunit": "^7.1"
            },
            "type": "library",
            "autoload": {
                "classmap": [
                    "src/"
                ]
            },
            "notification-url": "https://packagist.org/downloads/",
            "license": [
                "MIT"
            ],
            "authors": [
                {
                    "name": "Daniel Zahariev",
                    "role": "developer"
                }
            ],
            "description": "Send emails via Amazon Simple Email Service (SES) with REST-like interface",
            "homepage": "https://github.com/daniel-zahariev/php-aws-ses",
            "keywords": [
                "amazon",
                "api",
                "aws",
                "email",
                "rest",
                "ses"
            ],
            "support": {
                "issues": "https://github.com/daniel-zahariev/php-aws-ses/issues",
                "source": "https://github.com/daniel-zahariev/php-aws-ses/tree/0.9.5"
            },
            "time": "2021-03-25T08:23:36+00:00"
        },
        {
            "name": "league/csv",
            "version": "9.28.0",
            "source": {
                "type": "git",
                "url": "https://github.com/thephpleague/csv.git",
                "reference": "6582ace29ae09ba5b07049d40ea13eb19c8b5073"
            },
            "dist": {
                "type": "zip",
                "url": "https://api.github.com/repos/thephpleague/csv/zipball/6582ace29ae09ba5b07049d40ea13eb19c8b5073",
                "reference": "6582ace29ae09ba5b07049d40ea13eb19c8b5073",
                "shasum": ""
            },
            "require": {
                "ext-filter": "*",
                "php": "^8.1.2"
            },
            "require-dev": {
                "ext-dom": "*",
                "ext-xdebug": "*",
                "friendsofphp/php-cs-fixer": "^3.92.3",
                "phpbench/phpbench": "^1.4.3",
                "phpstan/phpstan": "^1.12.32",
                "phpstan/phpstan-deprecation-rules": "^1.2.1",
                "phpstan/phpstan-phpunit": "^1.4.2",
                "phpstan/phpstan-strict-rules": "^1.6.2",
                "phpunit/phpunit": "^10.5.16 || ^11.5.22 || ^12.5.4",
                "symfony/var-dumper": "^6.4.8 || ^7.4.0 || ^8.0"
            },
            "suggest": {
                "ext-dom": "Required to use the XMLConverter and the HTMLConverter classes",
                "ext-iconv": "Needed to ease transcoding CSV using iconv stream filters",
                "ext-mbstring": "Needed to ease transcoding CSV using mb stream filters",
                "ext-mysqli": "Requiered to use the package with the MySQLi extension",
                "ext-pdo": "Required to use the package with the PDO extension",
                "ext-pgsql": "Requiered to use the package with the PgSQL extension",
                "ext-sqlite3": "Required to use the package with the SQLite3 extension"
            },
            "type": "library",
            "extra": {
                "branch-alias": {
                    "dev-master": "9.x-dev"
                }
            },
            "autoload": {
                "files": [
                    "src/functions_include.php"
                ],
                "psr-4": {
                    "League\\Csv\\": "src"
                }
            },
            "notification-url": "https://packagist.org/downloads/",
            "license": [
                "MIT"
            ],
            "authors": [
                {
                    "name": "Ignace Nyamagana Butera",
                    "email": "nyamsprod@gmail.com",
                    "homepage": "https://github.com/nyamsprod/",
                    "role": "Developer"
                }
            ],
            "description": "CSV data manipulation made easy in PHP",
            "homepage": "https://csv.thephpleague.com",
            "keywords": [
                "convert",
                "csv",
                "export",
                "filter",
                "import",
                "read",
                "transform",
                "write"
            ],
            "support": {
                "docs": "https://csv.thephpleague.com",
                "issues": "https://github.com/thephpleague/csv/issues",
                "rss": "https://github.com/thephpleague/csv/releases.atom",
                "source": "https://github.com/thephpleague/csv"
            },
            "funding": [
                {
                    "url": "https://github.com/sponsors/nyamsprod",
                    "type": "github"
                }
            ],
            "time": "2025-12-27T15:18:42+00:00"
        },
        {
            "name": "stripe/stripe-php",
            "version": "v19.1.0",
            "source": {
                "type": "git",
                "url": "https://github.com/stripe/stripe-php.git",
                "reference": "4e3de7211645699b1f5b5f1f1b45bd9faf369426"
            },
            "dist": {
                "type": "zip",
                "url": "https://api.github.com/repos/stripe/stripe-php/zipball/4e3de7211645699b1f5b5f1f1b45bd9faf369426",
                "reference": "4e3de7211645699b1f5b5f1f1b45bd9faf369426",
                "shasum": ""
            },
            "require": {
                "ext-curl": "*",
                "ext-json": "*",
                "ext-mbstring": "*",
                "php": ">=5.6.0"
            },
            "require-dev": {
                "friendsofphp/php-cs-fixer": "3.72.0",
                "phpstan/phpstan": "^1.2",
                "phpunit/phpunit": "^5.7 || ^9.0"
            },
            "type": "library",
            "extra": {
                "branch-alias": {
                    "dev-master": "2.0-dev"
                }
            },
            "autoload": {
                "psr-4": {
                    "Stripe\\": "lib/"
                }
            },
            "notification-url": "https://packagist.org/downloads/",
            "license": [
                "MIT"
            ],
            "authors": [
                {
                    "name": "Stripe and contributors",
                    "homepage": "https://github.com/stripe/stripe-php/contributors"
                }
            ],
            "description": "Stripe PHP Library",
            "homepage": "https://stripe.com/",
            "keywords": [
                "api",
                "payment processing",
                "stripe"
            ],
            "support": {
                "issues": "https://github.com/stripe/stripe-php/issues",
                "source": "https://github.com/stripe/stripe-php/tree/v19.1.0"
            },
            "time": "2025-12-16T19:48:17+00:00"
        },
        {
            "name": "vlucas/phpdotenv",
            "version": "v2.5.1",
            "source": {
                "type": "git",
                "url": "https://github.com/vlucas/phpdotenv.git",
                "reference": "8abb4f9aa89ddea9d52112c65bbe8d0125e2fa8e"
            },
            "dist": {
                "type": "zip",
                "url": "https://api.github.com/repos/vlucas/phpdotenv/zipball/8abb4f9aa89ddea9d52112c65bbe8d0125e2fa8e",
                "reference": "8abb4f9aa89ddea9d52112c65bbe8d0125e2fa8e",
                "shasum": ""
            },
            "require": {
                "php": ">=5.3.9"
            },
            "require-dev": {
                "phpunit/phpunit": "^4.8.35 || ^5.0"
            },
            "type": "library",
            "extra": {
                "branch-alias": {
                    "dev-master": "2.5-dev"
                }
            },
            "autoload": {
                "psr-4": {
                    "Dotenv\\": "src/"
                }
            },
            "notification-url": "https://packagist.org/downloads/",
            "license": [
                "BSD-3-Clause"
            ],
            "authors": [
                {
                    "name": "Vance Lucas",
                    "email": "vance@vancelucas.com",
                    "homepage": "http://www.vancelucas.com"
                }
            ],
            "description": "Loads environment variables from `.env` to `getenv()`, `$_ENV` and `$_SERVER` automagically.",
            "keywords": [
                "dotenv",
                "env",
                "environment"
            ],
            "time": "2018-07-29T20:33:41+00:00"
        }
    ],
    "packages-dev": [],
    "aliases": [],
    "minimum-stability": "stable",
    "stability-flags": {},
    "prefer-stable": false,
    "prefer-lowest": false,
    "platform": {},
    "platform-dev": {},
    "plugin-api-version": "2.6.0"
}
