{
    "_readme": [
        "This file locks the dependencies of your project to a known state",
        "Read more about it at https://getcomposer.org/doc/01-basic-usage.md#installing-dependencies",
        "This file is @generated automatically"
    ],
    "content-hash": "15e73d297b0d1d1d0997a129611736d3",
    "packages": [
        {
            "name": "daniel-zahariev/php-aws-ses",
            "version": "0.9.5",
            "source": {
                "type": "git",
                "url": "https://github.com/daniel-zahariev/php-aws-ses.git",
                "reference": "4584427a358d8bf4aa8c2ce308afadc5f9601ab8"
            },
            "dist": {
                "type": "zip",
                "url": "https://api.github.com/repos/daniel-zahariev/php-aws-ses/zipball/4584427a358d8bf4aa8c2ce308afadc5f9601ab8",
                "reference": "4584427a358d8bf4aa8c2ce308afadc5f9601ab8",
                "shasum": ""
            },
            "require": {
                "ext-curl": "*",
                "ext-simplexml": "*",
                "php": ">=5.0.0"
            },
            "require-dev": {
                "fzaninotto/faker": "^1.7",
                "phpspec/prophecy": "~1.0",
                "phpunit/php-code-coverage": "^6.0",
                "phpunit/phpunit": "^7.1"
            },
            "type": "library",
            "autoload": {
                "classmap": [
                    "src/"
                ]
            },
            "notification-url": "https://packagist.org/downloads/",
            "license": [
                "MIT"
            ],
            "authors": [
                {
                    "name": "Daniel Zahariev",
                    "role": "developer"
                }
            ],
            "description": "Send emails via Amazon Simple Email Service (SES) with REST-like interface",
            "homepage": "https://github.com/daniel-zahariev/php-aws-ses",
            "keywords": [
                "amazon",
                "api",
                "aws",
                "email",
                "rest",
                "ses"
            ],
            "support": {
                "issues": "https://github.com/daniel-zahariev/php-aws-ses/issues",
                "source": "https://github.com/daniel-zahariev/php-aws-ses/tree/0.9.5"
            },
            "time": "2021-03-25T08:23:36+00:00"
        },
        {
            "name": "league/csv",
            "version": "8.2.3",
            "source": {
                "type": "git",
                "url": "https://github.com/thephpleague/csv.git",
                "reference": "d2aab1e7bde802582c3879acf03d92716577c76d"
            },
            "dist": {
                "type": "zip",
                "url": "https://api.github.com/repos/thephpleague/csv/zipball/d2aab1e7bde802582c3879acf03d92716577c76d",
                "reference": "d2aab1e7bde802582c3879acf03d92716577c76d",
                "shasum": ""
            },
            "require": {
                "ext-mbstring": "*",
                "php": ">=5.5.0"
            },
            "require-dev": {
                "friendsofphp/php-cs-fixer": "^1.9",
                "phpunit/phpunit": "^4.0"
            },
            "type": "library",
            "extra": {
                "branch-alias": {
                    "dev-master": "8.2-dev"
                }
            },
            "autoload": {
                "psr-4": {
                    "League\\Csv\\": "src"
                }
            },
            "notification-url": "https://packagist.org/downloads/",
            "license": [
                "MIT"
            ],
            "authors": [
                {
                    "name": "Ignace Nyamagana Butera",
                    "email": "nyamsprod@gmail.com",
                    "homepage": "https://github.com/nyamsprod/",
                    "role": "Developer"
                }
            ],
            "description": "Csv data manipulation made easy in PHP",
            "homepage": "http://csv.thephpleague.com",
            "keywords": [
                "csv",
                "export",
                "filter",
                "import",
                "read",
                "write"
            ],
            "time": "2018-02-06T08:27:03+00:00"
        },
        {
            "name": "stripe/stripe-php",
            "version": "v5.9.2",
            "source": {
                "type": "git",
                "url": "https://github.com/stripe/stripe-php.git",
                "reference": "026191d12241a76c957884dff75e4f3721b0e77f"
            },
            "dist": {
                "type": "zip",
                "url": "https://api.github.com/repos/stripe/stripe-php/zipball/026191d12241a76c957884dff75e4f3721b0e77f",
                "reference": "026191d12241a76c957884dff75e4f3721b0e77f",
                "shasum": ""
            },
            "require": {
                "ext-curl": "*",
                "ext-json": "*",
                "ext-mbstring": "*",
                "php": ">=5.3.3"
            },
            "require-dev": {
                "phpunit/phpunit": "~4.0",
                "satooshi/php-coveralls": "~0.6.1",
                "squizlabs/php_codesniffer": "~2.0"
            },
            "type": "library",
            "extra": {
                "branch-alias": {
                    "dev-master": "2.0-dev"
                }
            },
            "autoload": {
                "psr-4": {
                    "Stripe\\": "lib/"
                }
            },
            "notification-url": "https://packagist.org/downloads/",
            "license": [
                "MIT"
            ],
            "authors": [
                {
                    "name": "Stripe and contributors",
                    "homepage": "https://github.com/stripe/stripe-php/contributors"
                }
            ],
            "description": "Stripe PHP Library",
            "homepage": "https://stripe.com/",
            "keywords": [
                "api",
                "payment processing",
                "stripe"
            ],
            "time": "2018-02-07T18:36:55+00:00"
        },
        {
            "name": "vlucas/phpdotenv",
            "version": "v2.5.1",
            "source": {
                "type": "git",
                "url": "https://github.com/vlucas/phpdotenv.git",
                "reference": "8abb4f9aa89ddea9d52112c65bbe8d0125e2fa8e"
            },
            "dist": {
                "type": "zip",
                "url": "https://api.github.com/repos/vlucas/phpdotenv/zipball/8abb4f9aa89ddea9d52112c65bbe8d0125e2fa8e",
                "reference": "8abb4f9aa89ddea9d52112c65bbe8d0125e2fa8e",
                "shasum": ""
            },
            "require": {
                "php": ">=5.3.9"
            },
            "require-dev": {
                "phpunit/phpunit": "^4.8.35 || ^5.0"
            },
            "type": "library",
            "extra": {
                "branch-alias": {
                    "dev-master": "2.5-dev"
                }
            },
            "autoload": {
                "psr-4": {
                    "Dotenv\\": "src/"
                }
            },
            "notification-url": "https://packagist.org/downloads/",
            "license": [
                "BSD-3-Clause"
            ],
            "authors": [
                {
                    "name": "Vance Lucas",
                    "email": "vance@vancelucas.com",
                    "homepage": "http://www.vancelucas.com"
                }
            ],
            "description": "Loads environment variables from `.env` to `getenv()`, `$_ENV` and `$_SERVER` automagically.",
            "keywords": [
                "dotenv",
                "env",
                "environment"
            ],
            "time": "2018-07-29T20:33:41+00:00"
        }
    ],
    "packages-dev": [],
    "aliases": [],
    "minimum-stability": "stable",
    "stability-flags": {},
    "prefer-stable": false,
    "prefer-lowest": false,
    "platform": {},
    "platform-dev": {},
    "plugin-api-version": "2.6.0"
}
